// !$*UTF8*$!
{
	archiveVersion = 1;
	classes = {
	};
	objectVersion = 56;
	objects = {

/* Begin PBXBuildFile section */
		5214EFF02AD2755000D7C2FE /* AppDelegate.swift in Sources */ = {isa = PBXBuildFile; fileRef = 5214EFEF2AD2755000D7C2FE /* AppDelegate.swift */; };
		5214EFF22AD2755000D7C2FE /* SceneDelegate.swift in Sources */ = {isa = PBXBuildFile; fileRef = 5214EFF12AD2755000D7C2FE /* SceneDelegate.swift */; };
		5214EFF42AD2755000D7C2FE /* ViewController.swift in Sources */ = {isa = PBXBuildFile; fileRef = 5214EFF32AD2755000D7C2FE /* ViewController.swift */; };
		5214EFF72AD2755000D7C2FE /* Main.storyboard in Resources */ = {isa = PBXBuildFile; fileRef = 5214EFF52AD2755000D7C2FE /* Main.storyboard */; };
		5214EFF92AD2755300D7C2FE /* Assets.xcassets in Resources */ = {isa = PBXBuildFile; fileRef = 5214EFF82AD2755300D7C2FE /* Assets.xcassets */; };
		5214EFFC2AD2755300D7C2FE /* LaunchScreen.storyboard in Resources */ = {isa = PBXBuildFile; fileRef = 5214EFFA2AD2755300D7C2FE /* LaunchScreen.storyboard */; };
		5214F0072AD2755400D7C2FE /* DeenIslamBLSDKTests.swift in Sources */ = {isa = PBXBuildFile; fileRef = 5214F0062AD2755400D7C2FE /* DeenIslamBLSDKTests.swift */; };
		5214F0112AD2755400D7C2FE /* DeenIslamBLSDKUITests.swift in Sources */ = {isa = PBXBuildFile; fileRef = 5214F0102AD2755400D7C2FE /* DeenIslamBLSDKUITests.swift */; };
		5214F0132AD2755400D7C2FE /* DeenIslamBLSDKUITestsLaunchTests.swift in Sources */ = {isa = PBXBuildFile; fileRef = 5214F0122AD2755400D7C2FE /* DeenIslamBLSDKUITestsLaunchTests.swift */; };
/* End PBXBuildFile section */

/* Begin PBXContainerItemProxy section */
		5214F0032AD2755400D7C2FE /* PBXContainerItemProxy */ = {
			isa = PBXContainerItemProxy;
			containerPortal = 5214EFE42AD2755000D7C2FE /* Project object */;
			proxyType = 1;
			remoteGlobalIDString = 5214EFEB2AD2755000D7C2FE;
			remoteInfo = DeenIslamBLSDK;
		};
		5214F00D2AD2755400D7C2FE /* PBXContainerItemProxy */ = {
			isa = PBXContainerItemProxy;
			containerPortal = 5214EFE42AD2755000D7C2FE /* Project object */;
			proxyType = 1;
			remoteGlobalIDString = 5214EFEB2AD2755000D7C2FE;
			remoteInfo = DeenIslamBLSDK;
		};
/* End PBXContainerItemProxy section */

/* Begin PBXFileReference section */
		5214EFEC2AD2755000D7C2FE /* DeenIslamBLSDK.app */ = {isa = PBXFileReference; explicitFileType = wrapper.application; includeInIndex = 0; path = DeenIslamBLSDK.app; sourceTree = BUILT_PRODUCTS_DIR; };
		5214EFEF2AD2755000D7C2FE /* AppDelegate.swift */ = {isa = PBXFileReference; lastKnownFileType = sourcecode.swift; path = AppDelegate.swift; sourceTree = "<group>"; };
		5214EFF12AD2755000D7C2FE /* SceneDelegate.swift */ = {isa = PBXFileReference; lastKnownFileType = sourcecode.swift; path = SceneDelegate.swift; sourceTree = "<group>"; };
		5214EFF32AD2755000D7C2FE /* ViewController.swift */ = {isa = PBXFileReference; lastKnownFileType = sourcecode.swift; path = ViewController.swift; sourceTree = "<group>"; };
		5214EFF62AD2755000D7C2FE /* Base */ = {isa = PBXFileReference; lastKnownFileType = file.storyboard; name = Base; path = Base.lproj/Main.storyboard; sourceTree = "<group>"; };
		5214EFF82AD2755300D7C2FE /* Assets.xcassets */ = {isa = PBXFileReference; lastKnownFileType = folder.assetcatalog; path = Assets.xcassets; sourceTree = "<group>"; };
		5214EFFB2AD2755300D7C2FE /* Base */ = {isa = PBXFileReference; lastKnownFileType = file.storyboard; name = Base; path = Base.lproj/LaunchScreen.storyboard; sourceTree = "<group>"; };
		5214EFFD2AD2755300D7C2FE /* Info.plist */ = {isa = PBXFileReference; lastKnownFileType = text.plist.xml; path = Info.plist; sourceTree = "<group>"; };
		5214F0022AD2755400D7C2FE /* DeenIslamBLSDKTests.xctest */ = {isa = PBXFileReference; explicitFileType = wrapper.cfbundle; includeInIndex = 0; path = DeenIslamBLSDKTests.xctest; sourceTree = BUILT_PRODUCTS_DIR; };
		5214F0062AD2755400D7C2FE /* DeenIslamBLSDKTests.swift */ = {isa = PBXFileReference; lastKnownFileType = sourcecode.swift; path = DeenIslamBLSDKTests.swift; sourceTree = "<group>"; };
		5214F00C2AD2755400D7C2FE /* DeenIslamBLSDKUITests.xctest */ = {isa = PBXFileReference; explicitFileType = wrapper.cfbundle; includeInIndex = 0; path = DeenIslamBLSDKUITests.xctest; sourceTree = BUILT_PRODUCTS_DIR; };
		5214F0102AD2755400D7C2FE /* DeenIslamBLSDKUITests.swift */ = {isa = PBXFileReference; lastKnownFileType = sourcecode.swift; path = DeenIslamBLSDKUITests.swift; sourceTree = "<group>"; };
		5214F0122AD2755400D7C2FE /* DeenIslamBLSDKUITestsLaunchTests.swift */ = {isa = PBXFileReference; lastKnownFileType = sourcecode.swift; path = DeenIslamBLSDKUITestsLaunchTests.swift; sourceTree = "<group>"; };
/* End PBXFileReference section */

/* Begin PBXFrameworksBuildPhase section */
		5214EFE92AD2755000D7C2FE /* Frameworks */ = {
			isa = PBXFrameworksBuildPhase;
			buildActionMask = 2147483647;
			files = (
			);
			runOnlyForDeploymentPostprocessing = 0;
		};
		5214EFFF2AD2755400D7C2FE /* Frameworks */ = {
			isa = PBXFrameworksBuildPhase;
			buildActionMask = 2147483647;
			files = (
			);
			runOnlyForDeploymentPostprocessing = 0;
		};
		5214F0092AD2755400D7C2FE /* Frameworks */ = {
			isa = PBXFrameworksBuildPhase;
			buildActionMask = 2147483647;
			files = (
			);
			runOnlyForDeploymentPostprocessing = 0;
		};
/* End PBXFrameworksBuildPhase section */

/* Begin PBXGroup section */
		5214EFE32AD2755000D7C2FE = {
			isa = PBXGroup;
			children = (
				5214EFEE2AD2755000D7C2FE /* DeenIslamBLSDK */,
				5214F0052AD2755400D7C2FE /* DeenIslamBLSDKTests */,
				5214F00F2AD2755400D7C2FE /* DeenIslamBLSDKUITests */,
				5214EFED2AD2755000D7C2FE /* Products */,
			);
			sourceTree = "<group>";
		};
		5214EFED2AD2755000D7C2FE /* Products */ = {
			isa = PBXGroup;
			children = (
				5214EFEC2AD2755000D7C2FE /* DeenIslamBLSDK.app */,
				5214F0022AD2755400D7C2FE /* DeenIslamBLSDKTests.xctest */,
				5214F00C2AD2755400D7C2FE /* DeenIslamBLSDKUITests.xctest */,
			);
			name = Products;
			sourceTree = "<group>";
		};
		5214EFEE2AD2755000D7C2FE /* DeenIslamBLSDK */ = {
			isa = PBXGroup;
			children = (
				5214EFEF2AD2755000D7C2FE /* AppDelegate.swift */,
				5214EFF12AD2755000D7C2FE /* SceneDelegate.swift */,
				5214EFF32AD2755000D7C2FE /* ViewController.swift */,
				5214EFF52AD2755000D7C2FE /* Main.storyboard */,
				5214EFF82AD2755300D7C2FE /* Assets.xcassets */,
				5214EFFA2AD2755300D7C2FE /* LaunchScreen.storyboard */,
				5214EFFD2AD2755300D7C2FE /* Info.plist */,
			);
			path = DeenIslamBLSDK;
			sourceTree = "<group>";
		};
		5214F0052AD2755400D7C2FE /* DeenIslamBLSDKTests */ = {
			isa = PBXGroup;
			children = (
				5214F0062AD2755400D7C2FE /* DeenIslamBLSDKTests.swift */,
			);
			path = DeenIslamBLSDKTests;
			sourceTree = "<group>";
		};
		5214F00F2AD2755400D7C2FE /* DeenIslamBLSDKUITests */ = {
			isa = PBXGroup;
			children = (
				5214F0102AD2755400D7C2FE /* DeenIslamBLSDKUITests.swift */,
				5214F0122AD2755400D7C2FE /* DeenIslamBLSDKUITestsLaunchTests.swift */,
			);
			path = DeenIslamBLSDKUITests;
			sourceTree = "<group>";
		};
/* End PBXGroup section */

/* Begin PBXNativeTarget section */
		5214EFEB2AD2755000D7C2FE /* DeenIslamBLSDK */ = {
			isa = PBXNativeTarget;
			buildConfigurationList = 5214F0162AD2755400D7C2FE /* Build configuration list for PBXNativeTarget "DeenIslamBLSDK" */;
			buildPhases = (
				5214EFE82AD2755000D7C2FE /* Sources */,
				5214EFE92AD2755000D7C2FE /* Frameworks */,
				5214EFEA2AD2755000D7C2FE /* Resources */,
			);
			buildRules = (
			);
			dependencies = (
			);
			name = DeenIslamBLSDK;
			productName = DeenIslamBLSDK;
			productReference = 5214EFEC2AD2755000D7C2FE /* DeenIslamBLSDK.app */;
			productType = "com.apple.product-type.application";
		};
		5214F0012AD2755400D7C2FE /* DeenIslamBLSDKTests */ = {
			isa = PBXNativeTarget;
			buildConfigurationList = 5214F0192AD2755400D7C2FE /* Build configuration list for PBXNativeTarget "DeenIslamBLSDKTests" */;
			buildPhases = (
				5214EFFE2AD2755400D7C2FE /* Sources */,
				5214EFFF2AD2755400D7C2FE /* Frameworks */,
				5214F0002AD2755400D7C2FE /* Resources */,
			);
			buildRules = (
			);
			dependencies = (
				5214F0042AD2755400D7C2FE /* PBXTargetDependency */,
			);
			name = DeenIslamBLSDKTests;
			productName = DeenIslamBLSDKTests;
			productReference = 5214F0022AD2755400D7C2FE /* DeenIslamBLSDKTests.xctest */;
			productType = "com.apple.product-type.bundle.unit-test";
		};
		5214F00B2AD2755400D7C2FE /* DeenIslamBLSDKUITests */ = {
			isa = PBXNativeTarget;
			buildConfigurationList = 5214F01C2AD2755400D7C2FE /* Build configuration list for PBXNativeTarget "DeenIslamBLSDKUITests" */;
			buildPhases = (
				5214F0082AD2755400D7C2FE /* Sources */,
				5214F0092AD2755400D7C2FE /* Frameworks */,
				5214F00A2AD2755400D7C2FE /* Resources */,
			);
			buildRules = (
			);
			dependencies = (
				5214F00E2AD2755400D7C2FE /* PBXTargetDependency */,
			);
			name = DeenIslamBLSDKUITests;
			productName = DeenIslamBLSDKUITests;
			productReference = 5214F00C2AD2755400D7C2FE /* DeenIslamBLSDKUITests.xctest */;
			productType = "com.apple.product-type.bundle.ui-testing";
		};
/* End PBXNativeTarget section */

/* Begin PBXProject section */
		5214EFE42AD2755000D7C2FE /* Project object */ = {
			isa = PBXProject;
			attributes = {
				BuildIndependentTargetsInParallel = 1;
				LastSwiftUpdateCheck = 1500;
				LastUpgradeCheck = 1500;
				TargetAttributes = {
					5214EFEB2AD2755000D7C2FE = {
						CreatedOnToolsVersion = 15.0;
					};
					5214F0012AD2755400D7C2FE = {
						CreatedOnToolsVersion = 15.0;
						TestTargetID = 5214EFEB2AD2755000D7C2FE;
					};
					5214F00B2AD2755400D7C2FE = {
						CreatedOnToolsVersion = 15.0;
						TestTargetID = 5214EFEB2AD2755000D7C2FE;
					};
				};
			};
			buildConfigurationList = 5214EFE72AD2755000D7C2FE /* Build configuration list for PBXProject "DeenIslamBLSDK" */;
			compatibilityVersion = "Xcode 14.0";
			developmentRegion = en;
			hasScannedForEncodings = 0;
			knownRegions = (
				en,
				Base,
			);
			mainGroup = 5214EFE32AD2755000D7C2FE;
			productRefGroup = 5214EFED2AD2755000D7C2FE /* Products */;
			projectDirPath = "";
			projectRoot = "";
			targets = (
				5214EFEB2AD2755000D7C2FE /* DeenIslamBLSDK */,
				5214F0012AD2755400D7C2FE /* DeenIslamBLSDKTests */,
				5214F00B2AD2755400D7C2FE /* DeenIslamBLSDKUITests */,
			);
		};
/* End PBXProject section */

/* Begin PBXResourcesBuildPhase section */
		5214EFEA2AD2755000D7C2FE /* Resources */ = {
			isa = PBXResourcesBuildPhase;
			buildActionMask = 2147483647;
			files = (
				5214EFFC2AD2755300D7C2FE /* LaunchScreen.storyboard in Resources */,
				5214EFF92AD2755300D7C2FE /* Assets.xcassets in Resources */,
				5214EFF72AD2755000D7C2FE /* Main.storyboard in Resources */,
			);
			runOnlyForDeploymentPostprocessing = 0;
		};
		5214F0002AD2755400D7C2FE /* Resources */ = {
			isa = PBXResourcesBuildPhase;
			buildActionMask = 2147483647;
			files = (
			);
			runOnlyForDeploymentPostprocessing = 0;
		};
		5214F00A2AD2755400D7C2FE /* Resources */ = {
			isa = PBXResourcesBuildPhase;
			buildActionMask = 2147483647;
			files = (
			);
			runOnlyForDeploymentPostprocessing = 0;
		};
/* End PBXResourcesBuildPhase section */

/* Begin PBXSourcesBuildPhase section */
		5214EFE82AD2755000D7C2FE /* Sources */ = {
			isa = PBXSourcesBuildPhase;
			buildActionMask = 2147483647;
			files = (
				5214EFF42AD2755000D7C2FE /* ViewController.swift in Sources */,
				5214EFF02AD2755000D7C2FE /* AppDelegate.swift in Sources */,
				5214EFF22AD2755000D7C2FE /* SceneDelegate.swift in Sources */,
			);
			runOnlyForDeploymentPostprocessing = 0;
		};
		5214EFFE2AD2755400D7C2FE /* Sources */ = {
			isa = PBXSourcesBuildPhase;
			buildActionMask = 2147483647;
			files = (
				5214F0072AD2755400D7C2FE /* DeenIslamBLSDKTests.swift in Sources */,
			);
			runOnlyForDeploymentPostprocessing = 0;
		};
		5214F0082AD2755400D7C2FE /* Sources */ = {
			isa = PBXSourcesBuildPhase;
			buildActionMask = 2147483647;
			files = (
				5214F0132AD2755400D7C2FE /* DeenIslamBLSDKUITestsLaunchTests.swift in Sources */,
				5214F0112AD2755400D7C2FE /* DeenIslamBLSDKUITests.swift in Sources */,
			);
			runOnlyForDeploymentPostprocessing = 0;
		};
/* End PBXSourcesBuildPhase section */

/* Begin PBXTargetDependency section */
		5214F0042AD2755400D7C2FE /* PBXTargetDependency */ = {
			isa = PBXTargetDependency;
			target = 5214EFEB2AD2755000D7C2FE /* DeenIslamBLSDK */;
			targetProxy = 5214F0032AD2755400D7C2FE /* PBXContainerItemProxy */;
		};
		5214F00E2AD2755400D7C2FE /* PBXTargetDependency */ = {
			isa = PBXTargetDependency;
			target = 5214EFEB2AD2755000D7C2FE /* DeenIslamBLSDK */;
			targetProxy = 5214F00D2AD2755400D7C2FE /* PBXContainerItemProxy */;
		};
/* End PBXTargetDependency section */

/* Begin PBXVariantGroup section */
		5214EFF52AD2755000D7C2FE /* Main.storyboard */ = {
			isa = PBXVariantGroup;
			children = (
				5214EFF62AD2755000D7C2FE /* Base */,
			);
			name = Main.storyboard;
			sourceTree = "<group>";
		};
		5214EFFA2AD2755300D7C2FE /* LaunchScreen.storyboard */ = {
			isa = PBXVariantGroup;
			children = (
				5214EFFB2AD2755300D7C2FE /* Base */,
			);
			name = LaunchScreen.storyboard;
			sourceTree = "<group>";
		};
/* End PBXVariantGroup section */

/* Begin XCBuildConfiguration section */
		5214F0142AD2755400D7C2FE /* Debug */ = {
			isa = XCBuildConfiguration;
			buildSettings = {
				ALWAYS_SEARCH_USER_PATHS = NO;
				ASSETCATALOG_COMPILER_GENERATE_SWIFT_ASSET_SYMBOL_EXTENSIONS = YES;
				CLANG_ANALYZER_NONNULL = YES;
				CLANG_ANALYZER_NUMBER_OBJECT_CONVERSION = YES_AGGRESSIVE;
				CLANG_CXX_LANGUAGE_STANDARD = "gnu++20";
				CLANG_ENABLE_MODULES = YES;
				CLANG_ENABLE_OBJC_ARC = YES;
				CLANG_ENABLE_OBJC_WEAK = YES;
				CLANG_WARN_BLOCK_CAPTURE_AUTORELEASING = YES;
				CLANG_WARN_BOOL_CONVERSION = YES;
				CLANG_WARN_COMMA = YES;
				CLANG_WARN_CONSTANT_CONVERSION = YES;
				CLANG_WARN_DEPRECATED_OBJC_IMPLEMENTATIONS = YES;
				CLANG_WARN_DIRECT_OBJC_ISA_USAGE = YES_ERROR;
				CLANG_WARN_DOCUMENTATION_COMMENTS = YES;
				CLANG_WARN_EMPTY_BODY = YES;
				CLANG_WARN_ENUM_CONVERSION = YES;
				CLANG_WARN_INFINITE_RECURSION = YES;
				CLANG_WARN_INT_CONVERSION = YES;
				CLANG_WARN_NON_LITERAL_NULL_CONVERSION = YES;
				CLANG_WARN_OBJC_IMPLICIT_RETAIN_SELF = YES;
				CLANG_WARN_OBJC_LITERAL_CONVERSION = YES;
				CLANG_WARN_OBJC_ROOT_CLASS = YES_ERROR;
				CLANG_WARN_QUOTED_INCLUDE_IN_FRAMEWORK_HEADER = YES;
				CLANG_WARN_RANGE_LOOP_ANALYSIS = YES;
				CLANG_WARN_STRICT_PROTOTYPES = YES;
				CLANG_WARN_SUSPICIOUS_MOVE = YES;
				CLANG_WARN_UNGUARDED_AVAILABILITY = YES_AGGRESSIVE;
				CLANG_WARN_UNREACHABLE_CODE = YES;
				CLANG_WARN__DUPLICATE_METHOD_MATCH = YES;
				COPY_PHASE_STRIP = NO;
				DEBUG_INFORMATION_FORMAT = dwarf;
				ENABLE_STRICT_OBJC_MSGSEND = YES;
				ENABLE_TESTABILITY = YES;
				ENABLE_USER_SCRIPT_SANDBOXING = YES;
				GCC_C_LANGUAGE_STANDARD = gnu17;
				GCC_DYNAMIC_NO_PIC = NO;
				GCC_NO_COMMON_BLOCKS = YES;
				GCC_OPTIMIZATION_LEVEL = 0;
				GCC_PREPROCESSOR_DEFINITIONS = (
					"DEBUG=1",
					"$(inherited)",
				);
				GCC_WARN_64_TO_32_BIT_CONVERSION = YES;
				GCC_WARN_ABOUT_RETURN_TYPE = YES_ERROR;
				GCC_WARN_UNDECLARED_SELECTOR = YES;
				GCC_WARN_UNINITIALIZED_AUTOS = YES_AGGRESSIVE;
				GCC_WARN_UNUSED_FUNCTION = YES;
				GCC_WARN_UNUSED_VARIABLE = YES;
				IPHONEOS_DEPLOYMENT_TARGET = 17.0;
				LOCALIZATION_PREFERS_STRING_CATALOGS = YES;
				MTL_ENABLE_DEBUG_INFO = INCLUDE_SOURCE;
				MTL_FAST_MATH = YES;
				ONLY_ACTIVE_ARCH = YES;
				SDKROOT = iphoneos;
				SWIFT_ACTIVE_COMPILATION_CONDITIONS = "DEBUG $(inherited)";
				SWIFT_OPTIMIZATION_LEVEL = "-Onone";
			};
			name = Debug;
		};
		5214F0152AD2755400D7C2FE /* Release */ = {
			isa = XCBuildConfiguration;
			buildSettings = {
				ALWAYS_SEARCH_USER_PATHS = NO;
				ASSETCATALOG_COMPILER_GENERATE_SWIFT_ASSET_SYMBOL_EXTENSIONS = YES;
				CLANG_ANALYZER_NONNULL = YES;
				CLANG_ANALYZER_NUMBER_OBJECT_CONVERSION = YES_AGGRESSIVE;
				CLANG_CXX_LANGUAGE_STANDARD = "gnu++20";
				CLANG_ENABLE_MODULES = YES;
				CLANG_ENABLE_OBJC_ARC = YES;
				CLANG_ENABLE_OBJC_WEAK = YES;
				CLANG_WARN_BLOCK_CAPTURE_AUTORELEASING = YES;
				CLANG_WARN_BOOL_CONVERSION = YES;
				CLANG_WARN_COMMA = YES;
				CLANG_WARN_CONSTANT_CONVERSION = YES;
				CLANG_WARN_DEPRECATED_OBJC_IMPLEMENTATIONS = YES;
				CLANG_WARN_DIRECT_OBJC_ISA_USAGE = YES_ERROR;
				CLANG_WARN_DOCUMENTATION_COMMENTS = YES;
				CLANG_WARN_EMPTY_BODY = YES;
				CLANG_WARN_ENUM_CONVERSION = YES;
				CLANG_WARN_INFINITE_RECURSION = YES;
				CLANG_WARN_INT_CONVERSION = YES;
				CLANG_WARN_NON_LITERAL_NULL_CONVERSION = YES;
				CLANG_WARN_OBJC_IMPLICIT_RETAIN_SELF = YES;
				CLANG_WARN_OBJC_LITERAL_CONVERSION = YES;
				CLANG_WARN_OBJC_ROOT_CLASS = YES_ERROR;
				CLANG_WARN_QUOTED_INCLUDE_IN_FRAMEWORK_HEADER = YES;
				CLANG_WARN_RANGE_LOOP_ANALYSIS = YES;
				CLANG_WARN_STRICT_PROTOTYPES = YES;
				CLANG_WARN_SUSPICIOUS_MOVE = YES;
				CLANG_WARN_UNGUARDED_AVAILABILITY = YES_AGGRESSIVE;
				CLANG_WARN_UNREACHABLE_CODE = YES;
				CLANG_WARN__DUPLICATE_METHOD_MATCH = YES;
				COPY_PHASE_STRIP = NO;
				DEBUG_INFORMATION_FORMAT = "dwarf-with-dsym";
				ENABLE_NS_ASSERTIONS = NO;
				ENABLE_STRICT_OBJC_MSGSEND = YES;
				ENABLE_USER_SCRIPT_SANDBOXING = YES;
				GCC_C_LANGUAGE_STANDARD = gnu17;
				GCC_NO_COMMON_BLOCKS = YES;
				GCC_WARN_64_TO_32_BIT_CONVERSION = YES;
				GCC_WARN_ABOUT_RETURN_TYPE = YES_ERROR;
				GCC_WARN_UNDECLARED_SELECTOR = YES;
				GCC_WARN_UNINITIALIZED_AUTOS = YES_AGGRESSIVE;
				GCC_WARN_UNUSED_FUNCTION = YES;
				GCC_WARN_UNUSED_VARIABLE = YES;
				IPHONEOS_DEPLOYMENT_TARGET = 17.0;
				LOCALIZATION_PREFERS_STRING_CATALOGS = YES;
				MTL_ENABLE_DEBUG_INFO = NO;
				MTL_FAST_MATH = YES;
				SDKROOT = iphoneos;
				SWIFT_COMPILATION_MODE = wholemodule;
				VALIDATE_PRODUCT = YES;
			};
			name = Release;
		};
		5214F0172AD2755400D7C2FE /* Debug */ = {
			isa = XCBuildConfiguration;
			buildSettings = {
				ASSETCATALOG_COMPILER_APPICON_NAME = AppIcon;
				ASSETCATALOG_COMPILER_GLOBAL_ACCENT_COLOR_NAME = AccentColor;
				CODE_SIGN_STYLE = Automatic;
				CURRENT_PROJECT_VERSION = 1;
				DEVELOPMENT_TEAM = TXRJVVLSAS;
				GENERATE_INFOPLIST_FILE = YES;
				INFOPLIST_FILE = DeenIslamBLSDK/Info.plist;
				INFOPLIST_KEY_UIApplicationSupportsIndirectInputEvents = YES;
				INFOPLIST_KEY_UILaunchStoryboardName = LaunchScreen;
				INFOPLIST_KEY_UIMainStoryboardFile = Main;
				INFOPLIST_KEY_UISupportedInterfaceOrientations_iPad = "UIInterfaceOrientationPortrait UIInterfaceOrientationPortraitUpsideDown UIInterfaceOrientationLandscapeLeft UIInterfaceOrientationLandscapeRight";
				INFOPLIST_KEY_UISupportedInterfaceOrientations_iPhone = "UIInterfaceOrientationPortrait UIInterfaceOrientationLandscapeLeft UIInterfaceOrientationLandscapeRight";
				LD_RUNPATH_SEARCH_PATHS = (
					"$(inherited)",
					"@executable_path/Frameworks",
				);
				MARKETING_VERSION = 1.0;
				PRODUCT_BUNDLE_IDENTIFIER = com.gakk.DeenIslamBLSDK;
				PRODUCT_NAME = "$(TARGET_NAME)";
				SWIFT_EMIT_LOC_STRINGS = YES;
				SWIFT_VERSION = 5.0;
				TARGETED_DEVICE_FAMILY = "1,2";
			};
			name = Debug;
		};
		5214F0182AD2755400D7C2FE /* Release */ = {
			isa = XCBuildConfiguration;
			buildSettings = {
				ASSETCATALOG_COMPILER_APPICON_NAME = AppIcon;
				ASSETCATALOG_COMPILER_GLOBAL_ACCENT_COLOR_NAME = AccentColor;
				CODE_SIGN_STYLE = Automatic;
				CURRENT_PROJECT_VERSION = 1;
				DEVELOPMENT_TEAM = TXRJVVLSAS;
				GENERATE_INFOPLIST_FILE = YES;
				INFOPLIST_FILE = DeenIslamBLSDK/Info.plist;
				INFOPLIST_KEY_UIApplicationSupportsIndirectInputEvents = YES;
				INFOPLIST_KEY_UILaunchStoryboardName = LaunchScreen;
				INFOPLIST_KEY_UIMainStoryboardFile = Main;
				INFOPLIST_KEY_UISupportedInterfaceOrientations_iPad = "UIInterfaceOrientationPortrait UIInterfaceOrientationPortraitUpsideDown UIInterfaceOrientationLandscapeLeft UIInterfaceOrientationLandscapeRight";
				INFOPLIST_KEY_UISupportedInterfaceOrientations_iPhone = "UIInterfaceOrientationPortrait UIInterfaceOrientationLandscapeLeft UIInterfaceOrientationLandscapeRight";
				LD_RUNPATH_SEARCH_PATHS = (
					"$(inherited)",
					"@executable_path/Frameworks",
				);
				MARKETING_VERSION = 1.0;
				PRODUCT_BUNDLE_IDENTIFIER = com.gakk.DeenIslamBLSDK;
				PRODUCT_NAME = "$(TARGET_NAME)";
				SWIFT_EMIT_LOC_STRINGS = YES;
				SWIFT_VERSION = 5.0;
				TARGETED_DEVICE_FAMILY = "1,2";
			};
			name = Release;
		};
		5214F01A2AD2755400D7C2FE /* Debug */ = {
			isa = XCBuildConfiguration;
			buildSettings = {
				ALWAYS_EMBED_SWIFT_STANDARD_LIBRARIES = YES;
				BUNDLE_LOADER = "$(TEST_HOST)";
				CODE_SIGN_STYLE = Automatic;
				CURRENT_PROJECT_VERSION = 1;
				DEVELOPMENT_TEAM = TXRJVVLSAS;
				GENERATE_INFOPLIST_FILE = YES;
				IPHONEOS_DEPLOYMENT_TARGET = 17.0;
				MARKETING_VERSION = 1.0;
				PRODUCT_BUNDLE_IDENTIFIER = com.gakk.DeenIslamBLSDKTests;
				PRODUCT_NAME = "$(TARGET_NAME)";
				SWIFT_EMIT_LOC_STRINGS = NO;
				SWIFT_VERSION = 5.0;
				TARGETED_DEVICE_FAMILY = "1,2";
				TEST_HOST = "$(BUILT_PRODUCTS_DIR)/DeenIslamBLSDK.app/$(BUNDLE_EXECUTABLE_FOLDER_PATH)/DeenIslamBLSDK";
			};
			name = Debug;
		};
		5214F01B2AD2755400D7C2FE /* Release */ = {
			isa = XCBuildConfiguration;
			buildSettings = {
				ALWAYS_EMBED_SWIFT_STANDARD_LIBRARIES = YES;
				BUNDLE_LOADER = "$(TEST_HOST)";
				CODE_SIGN_STYLE = Automatic;
				CURRENT_PROJECT_VERSION = 1;
				DEVELOPMENT_TEAM = TXRJVVLSAS;
				GENERATE_INFOPLIST_FILE = YES;
				IPHONEOS_DEPLOYMENT_TARGET = 17.0;
				MARKETING_VERSION = 1.0;
				PRODUCT_BUNDLE_IDENTIFIER = com.gakk.DeenIslamBLSDKTests;
				PRODUCT_NAME = "$(TARGET_NAME)";
				SWIFT_EMIT_LOC_STRINGS = NO;
				SWIFT_VERSION = 5.0;
				TARGETED_DEVICE_FAMILY = "1,2";
				TEST_HOST = "$(BUILT_PRODUCTS_DIR)/DeenIslamBLSDK.app/$(BUNDLE_EXECUTABLE_FOLDER_PATH)/DeenIslamBLSDK";
			};
			name = Release;
		};
		5214F01D2AD2755400D7C2FE /* Debug */ = {
			isa = XCBuildConfiguration;
			buildSettings = {
				ALWAYS_EMBED_SWIFT_STANDARD_LIBRARIES = YES;
				CODE_SIGN_STYLE = Automatic;
				CURRENT_PROJECT_VERSION = 1;
				DEVELOPMENT_TEAM = TXRJVVLSAS;
				GENERATE_INFOPLIST_FILE = YES;
				MARKETING_VERSION = 1.0;
				PRODUCT_BUNDLE_IDENTIFIER = com.gakk.DeenIslamBLSDKUITests;
				PRODUCT_NAME = "$(TARGET_NAME)";
				SWIFT_EMIT_LOC_STRINGS = NO;
				SWIFT_VERSION = 5.0;
				TARGETED_DEVICE_FAMILY = "1,2";
				TEST_TARGET_NAME = DeenIslamBLSDK;
			};
			name = Debug;
		};
		5214F01E2AD2755400D7C2FE /* Release */ = {
			isa = XCBuildConfiguration;
			buildSettings = {
				ALWAYS_EMBED_SWIFT_STANDARD_LIBRARIES = YES;
				CODE_SIGN_STYLE = Automatic;
				CURRENT_PROJECT_VERSION = 1;
				DEVELOPMENT_TEAM = TXRJVVLSAS;
				GENERATE_INFOPLIST_FILE = YES;
				MARKETING_VERSION = 1.0;
				PRODUCT_BUNDLE_IDENTIFIER = com.gakk.DeenIslamBLSDKUITests;
				PRODUCT_NAME = "$(TARGET_NAME)";
				SWIFT_EMIT_LOC_STRINGS = NO;
				SWIFT_VERSION = 5.0;
				TARGETED_DEVICE_FAMILY = "1,2";
				TEST_TARGET_NAME = DeenIslamBLSDK;
			};
			name = Release;
		};
/* End XCBuildConfiguration section */

/* Begin XCConfigurationList section */
		5214EFE72AD2755000D7C2FE /* Build configuration list for PBXProject "DeenIslamBLSDK" */ = {
			isa = XCConfigurationList;
			buildConfigurations = (
				5214F0142AD2755400D7C2FE /* Debug */,
				5214F0152AD2755400D7C2FE /* Release */,
			);
			defaultConfigurationIsVisible = 0;
			defaultConfigurationName = Release;
		};
		5214F0162AD2755400D7C2FE /* Build configuration list for PBXNativeTarget "DeenIslamBLSDK" */ = {
			isa = XCConfigurationList;
			buildConfigurations = (
				5214F0172AD2755400D7C2FE /* Debug */,
				5214F0182AD2755400D7C2FE /* Release */,
			);
			defaultConfigurationIsVisible = 0;
			defaultConfigurationName = Release;
		};
		5214F0192AD2755400D7C2FE /* Build configuration list for PBXNativeTarget "DeenIslamBLSDKTests" */ = {
			isa = XCConfigurationList;
			buildConfigurations = (
				5214F01A2AD2755400D7C2FE /* Debug */,
				5214F01B2AD2755400D7C2FE /* Release */,
			);
			defaultConfigurationIsVisible = 0;
			defaultConfigurationName = Release;
		};
		5214F01C2AD2755400D7C2FE /* Build configuration list for PBXNativeTarget "DeenIslamBLSDKUITests" */ = {
			isa = XCConfigurationList;
			buildConfigurations = (
				5214F01D2AD2755400D7C2FE /* Debug */,
				5214F01E2AD2755400D7C2FE /* Release */,
			);
			defaultConfigurationIsVisible = 0;
			defaultConfigurationName = Release;
		};
/* End XCConfigurationList section */
	};
	rootObject = 5214EFE42AD2755000D7C2FE /* Project object */;
}
